{
  "name": "temp_threejs",
  "version": "1.0.0",
  "lockfileVersion": 3,
  "requires": true,
  "packages": {
    "": {
      "name": "temp_threejs",
      "version": "1.0.0",
      "license": "ISC",
      "dependencies": {
        "threejs-components": "^0.0.19"
      }
    },
    "node_modules/threejs-components": {
      "version": "0.0.19",
      "resolved": "https://registry.npmjs.org/threejs-components/-/threejs-components-0.0.19.tgz",
      "integrity": "sha512-4Zk9StS8nLM07h66g2q5WtZWRDSe5D58W4whCq8MkT95+nidnYS8SNr49kYr44/sfN6NKwz0ibA9APkxKT/dWA==",
      "license": "ISC"
    }
  }
}
